
Microsoft Visual Studio Solution File, Format Version 12.00
# Visual Studio Express 2013 for Windows Desktop
VisualStudioVersion = 12.0.31101.0
MinimumVisualStudioVersion = 10.0.40219.1
Project("{8BC9CEB8-8B4A-11D0-8D11-00A0C91BC942}") = "6-15-2015_FruitJuiceMachine", "6-15-2015_FruitJuiceMachine\6-15-2015_FruitJuiceMachine.vcxproj", "{DAF6B465-D1B3-495A-BE78-302EFB7F6400}"
EndProject
Global
	GlobalSection(SolutionConfigurationPlatforms) = preSolution
		Debug|Win32 = Debug|Win32
		Release|Win32 = Release|Win32
	EndGlobalSection
	GlobalSection(ProjectConfigurationPlatforms) = postSolution
		{DAF6B465-D1B3-495A-BE78-302EFB7F6400}.Debug|Win32.ActiveCfg = Debug|Win32
		{DAF6B465-D1B3-495A-BE78-302EFB7F6400}.Debug|Win32.Build.0 = Debug|Win32
		{DAF6B465-D1B3-495A-BE78-302EFB7F6400}.Release|Win32.ActiveCfg = Release|Win32
		{DAF6B465-D1B3-495A-BE78-302EFB7F6400}.Release|Win32.Build.0 = Release|Win32
	EndGlobalSection
	GlobalSection(SolutionProperties) = preSolution
		HideSolutionNode = FALSE
	EndGlobalSection
EndGlobal
